
Microsoft Visual Studio Solution File, Format Version 12.00
# Visual Studio Version 17
VisualStudioVersion = 17.10.35013.160
MinimumVisualStudioVersion = 10.0.40219.1
Project("{FAE04EC0-301F-11D3-BF4B-00C04F79EFBC}") = "OnlineTraining", "OnlineTraining\OnlineTraining.csproj", "{4256AF85-EA6C-4BF1-8381-55FFEFB1D17B}"
EndProject
Project("{FAE04EC0-301F-11D3-BF4B-00C04F79EFBC}") = "Database", "Model\Database.csproj", "{16778FC7-BA0C-4B76-8B88-E35497753E73}"
EndProject
Global
	GlobalSection(SolutionConfigurationPlatforms) = preSolution
		Debug|Any CPU = Debug|Any CPU
		Release|Any CPU = Release|Any CPU
	EndGlobalSection
	GlobalSection(ProjectConfigurationPlatforms) = postSolution
		{4256AF85-EA6C-4BF1-8381-55FFEFB1D17B}.Debug|Any CPU.ActiveCfg = Debug|Any CPU
		{4256AF85-EA6C-4BF1-8381-55FFEFB1D17B}.Debug|Any CPU.Build.0 = Debug|Any CPU
		{4256AF85-EA6C-4BF1-8381-55FFEFB1D17B}.Release|Any CPU.ActiveCfg = Release|Any CPU
		{4256AF85-EA6C-4BF1-8381-55FFEFB1D17B}.Release|Any CPU.Build.0 = Release|Any CPU
		{16778FC7-BA0C-4B76-8B88-E35497753E73}.Debug|Any CPU.ActiveCfg = Debug|Any CPU
		{16778FC7-BA0C-4B76-8B88-E35497753E73}.Debug|Any CPU.Build.0 = Debug|Any CPU
		{16778FC7-BA0C-4B76-8B88-E35497753E73}.Release|Any CPU.ActiveCfg = Release|Any CPU
		{16778FC7-BA0C-4B76-8B88-E35497753E73}.Release|Any CPU.Build.0 = Release|Any CPU
	EndGlobalSection
	GlobalSection(SolutionProperties) = preSolution
		HideSolutionNode = FALSE
	EndGlobalSection
	GlobalSection(ExtensibilityGlobals) = postSolution
		SolutionGuid = {EBF308BE-2207-4F61-9B54-48E9BE9B99D9}
	EndGlobalSection
EndGlobal
